// !$*UTF8*$!
{
	archiveVersion = 1;
	classes = {
	};
	objectVersion = 55;
	objects = {

/* Begin PBXBuildFile section */
		74BA9E01277C436F00780F75 /* Lesson21-Visual.swift in Sources */ = {isa = PBXBuildFile; fileRef = 74BA9E00277C436F00780F75 /* Lesson21-Visual.swift */; };
		74BA9E04277C7E5300780F75 /* Lesson22-Animation.swift in Sources */ = {isa = PBXBuildFile; fileRef = 74BA9E03277C7E5300780F75 /* Lesson22-Animation.swift */; };
		74BA9E07277CA5CC00780F75 /* Lesson23-CustomTabBar.swift in Sources */ = {isa = PBXBuildFile; fileRef = 74BA9E06277CA5CC00780F75 /* Lesson23-CustomTabBar.swift */; };
		74C6C67A2747844100C2376B /* Lesson18View.swift in Sources */ = {isa = PBXBuildFile; fileRef = 74C6C6792747844100C2376B /* Lesson18View.swift */; };
		74D61B162743F98700E341A4 /* TipsApp.swift in Sources */ = {isa = PBXBuildFile; fileRef = 74D61B152743F98700E341A4 /* TipsApp.swift */; };
		74D67AA3274281EF005A366C /* LessonsSwiftUIApp.swift in Sources */ = {isa = PBXBuildFile; fileRef = 74D67AA2274281EF005A366C /* LessonsSwiftUIApp.swift */; };
		74D67AA5274281EF005A366C /* ContentView.swift in Sources */ = {isa = PBXBuildFile; fileRef = 74D67AA4274281EF005A366C /* ContentView.swift */; };
		74D67AA727428200005A366C /* Assets.xcassets in Resources */ = {isa = PBXBuildFile; fileRef = 74D67AA627428200005A366C /* Assets.xcassets */; };
		74D67AAA27428200005A366C /* Preview Assets.xcassets in Resources */ = {isa = PBXBuildFile; fileRef = 74D67AA927428200005A366C /* Preview Assets.xcassets */; };
		74EA913527490C9800A8A0B8 /* UserSettings.swift in Sources */ = {isa = PBXBuildFile; fileRef = 74EA913427490C9800A8A0B8 /* UserSettings.swift */; };
		74EA91382749106C00A8A0B8 /* Lesson19.swift in Sources */ = {isa = PBXBuildFile; fileRef = 74EA91372749106C00A8A0B8 /* Lesson19.swift */; };
		74EA913B27491ADD00A8A0B8 /* Lesson20View.swift in Sources */ = {isa = PBXBuildFile; fileRef = 74EA913A27491ADD00A8A0B8 /* Lesson20View.swift */; };
		74EA914027491FFF00A8A0B8 /* PracticeContentView.swift in Sources */ = {isa = PBXBuildFile; fileRef = 74EA913F27491FFF00A8A0B8 /* PracticeContentView.swift */; };
		74EA9142274923A900A8A0B8 /* AddView.swift in Sources */ = {isa = PBXBuildFile; fileRef = 74EA9141274923A900A8A0B8 /* AddView.swift */; };
/* End PBXBuildFile section */

/* Begin PBXFileReference section */
		74BA9E00277C436F00780F75 /* Lesson21-Visual.swift */ = {isa = PBXFileReference; lastKnownFileType = sourcecode.swift; path = "Lesson21-Visual.swift"; sourceTree = "<group>"; };
		74BA9E03277C7E5300780F75 /* Lesson22-Animation.swift */ = {isa = PBXFileReference; lastKnownFileType = sourcecode.swift; path = "Lesson22-Animation.swift"; sourceTree = "<group>"; };
		74BA9E06277CA5CC00780F75 /* Lesson23-CustomTabBar.swift */ = {isa = PBXFileReference; lastKnownFileType = sourcecode.swift; path = "Lesson23-CustomTabBar.swift"; sourceTree = "<group>"; };
		74C6C6792747844100C2376B /* Lesson18View.swift */ = {isa = PBXFileReference; lastKnownFileType = sourcecode.swift; path = Lesson18View.swift; sourceTree = "<group>"; };
		74D61B152743F98700E341A4 /* TipsApp.swift */ = {isa = PBXFileReference; lastKnownFileType = sourcecode.swift; path = TipsApp.swift; sourceTree = "<group>"; };
		74D67A9F274281EF005A366C /* LessonsSwiftUI.app */ = {isa = PBXFileReference; explicitFileType = wrapper.application; includeInIndex = 0; path = LessonsSwiftUI.app; sourceTree = BUILT_PRODUCTS_DIR; };
		74D67AA2274281EF005A366C /* LessonsSwiftUIApp.swift */ = {isa = PBXFileReference; lastKnownFileType = sourcecode.swift; path = LessonsSwiftUIApp.swift; sourceTree = "<group>"; };
		74D67AA4274281EF005A366C /* ContentView.swift */ = {isa = PBXFileReference; lastKnownFileType = sourcecode.swift; path = ContentView.swift; sourceTree = "<group>"; };
		74D67AA627428200005A366C /* Assets.xcassets */ = {isa = PBXFileReference; lastKnownFileType = folder.assetcatalog; path = Assets.xcassets; sourceTree = "<group>"; };
		74D67AA927428200005A366C /* Preview Assets.xcassets */ = {isa = PBXFileReference; lastKnownFileType = folder.assetcatalog; path = "Preview Assets.xcassets"; sourceTree = "<group>"; };
		74EA913427490C9800A8A0B8 /* UserSettings.swift */ = {isa = PBXFileReference; lastKnownFileType = sourcecode.swift; path = UserSettings.swift; sourceTree = "<group>"; };
		74EA91372749106C00A8A0B8 /* Lesson19.swift */ = {isa = PBXFileReference; lastKnownFileType = sourcecode.swift; path = Lesson19.swift; sourceTree = "<group>"; };
		74EA913A27491ADD00A8A0B8 /* Lesson20View.swift */ = {isa = PBXFileReference; lastKnownFileType = sourcecode.swift; path = Lesson20View.swift; sourceTree = "<group>"; };
		74EA913F27491FFF00A8A0B8 /* PracticeContentView.swift */ = {isa = PBXFileReference; lastKnownFileType = sourcecode.swift; path = PracticeContentView.swift; sourceTree = "<group>"; };
		74EA9141274923A900A8A0B8 /* AddView.swift */ = {isa = PBXFileReference; lastKnownFileType = sourcecode.swift; path = AddView.swift; sourceTree = "<group>"; };
/* End PBXFileReference section */

/* Begin PBXFrameworksBuildPhase section */
		74D67A9C274281EF005A366C /* Frameworks */ = {
			isa = PBXFrameworksBuildPhase;
			buildActionMask = 2147483647;
			files = (
			);
			runOnlyForDeploymentPostprocessing = 0;
		};
/* End PBXFrameworksBuildPhase section */

/* Begin PBXGroup section */
		74BA9DFF277C435000780F75 /* Lesson21-Visual */ = {
			isa = PBXGroup;
			children = (
				74BA9E00277C436F00780F75 /* Lesson21-Visual.swift */,
			);
			path = "Lesson21-Visual";
			sourceTree = "<group>";
		};
		74BA9E02277C7E2700780F75 /* Lesson22-Animation */ = {
			isa = PBXGroup;
			children = (
				74BA9E03277C7E5300780F75 /* Lesson22-Animation.swift */,
			);
			path = "Lesson22-Animation";
			sourceTree = "<group>";
		};
		74BA9E05277CA5A100780F75 /* Lesson23-CustomTabBar */ = {
			isa = PBXGroup;
			children = (
				74BA9E06277CA5CC00780F75 /* Lesson23-CustomTabBar.swift */,
			);
			path = "Lesson23-CustomTabBar";
			sourceTree = "<group>";
		};
		74C6C6782747842900C2376B /*  lesson18-PropertyWrappers */ = {
			isa = PBXGroup;
			children = (
				74C6C6792747844100C2376B /* Lesson18View.swift */,
				74EA913427490C9800A8A0B8 /* UserSettings.swift */,
			);
			path = " lesson18-PropertyWrappers";
			sourceTree = "<group>";
		};
		74D67A96274281EF005A366C = {
			isa = PBXGroup;
			children = (
				74D67AA1274281EF005A366C /* LessonsSwiftUI */,
				74D67AA0274281EF005A366C /* Products */,
			);
			sourceTree = "<group>";
		};
		74D67AA0274281EF005A366C /* Products */ = {
			isa = PBXGroup;
			children = (
				74D67A9F274281EF005A366C /* LessonsSwiftUI.app */,
			);
			name = Products;
			sourceTree = "<group>";
		};
		74D67AA1274281EF005A366C /* LessonsSwiftUI */ = {
			isa = PBXGroup;
			children = (
				74D67AA2274281EF005A366C /* LessonsSwiftUIApp.swift */,
				74D67AA4274281EF005A366C /* ContentView.swift */,
				74D61B152743F98700E341A4 /* TipsApp.swift */,
				74EA913C27491FBD00A8A0B8 /* Practice3 */,
				74C6C6782747842900C2376B /*  lesson18-PropertyWrappers */,
				74EA91362749105300A8A0B8 /* Lesson19-NavigationViewAndSheets */,
				74EA913927491A8C00A8A0B8 /* lesson20-UserDefaults */,
				74BA9DFF277C435000780F75 /* Lesson21-Visual */,
				74BA9E02277C7E2700780F75 /* Lesson22-Animation */,
				74BA9E05277CA5A100780F75 /* Lesson23-CustomTabBar */,
				74D67AA627428200005A366C /* Assets.xcassets */,
				74D67AA827428200005A366C /* Preview Content */,
			);
			path = LessonsSwiftUI;
			sourceTree = "<group>";
		};
		74D67AA827428200005A366C /* Preview Content */ = {
			isa = PBXGroup;
			children = (
				74D67AA927428200005A366C /* Preview Assets.xcassets */,
			);
			path = "Preview Content";
			sourceTree = "<group>";
		};
		74EA91362749105300A8A0B8 /* Lesson19-NavigationViewAndSheets */ = {
			isa = PBXGroup;
			children = (
				74EA91372749106C00A8A0B8 /* Lesson19.swift */,
			);
			path = "Lesson19-NavigationViewAndSheets";
			sourceTree = "<group>";
		};
		74EA913927491A8C00A8A0B8 /* lesson20-UserDefaults */ = {
			isa = PBXGroup;
			children = (
				74EA913A27491ADD00A8A0B8 /* Lesson20View.swift */,
			);
			path = "lesson20-UserDefaults";
			sourceTree = "<group>";
		};
		74EA913C27491FBD00A8A0B8 /* Practice3 */ = {
			isa = PBXGroup;
			children = (
				74EA913F27491FFF00A8A0B8 /* PracticeContentView.swift */,
				74EA9141274923A900A8A0B8 /* AddView.swift */,
			);
			path = Practice3;
			sourceTree = "<group>";
		};
/* End PBXGroup section */

/* Begin PBXNativeTarget section */
		74D67A9E274281EF005A366C /* LessonsSwiftUI */ = {
			isa = PBXNativeTarget;
			buildConfigurationList = 74D67AAD27428200005A366C /* Build configuration list for PBXNativeTarget "LessonsSwiftUI" */;
			buildPhases = (
				74D67A9B274281EF005A366C /* Sources */,
				74D67A9C274281EF005A366C /* Frameworks */,
				74D67A9D274281EF005A366C /* Resources */,
			);
			buildRules = (
			);
			dependencies = (
			);
			name = LessonsSwiftUI;
			productName = LessonsSwiftUI;
			productReference = 74D67A9F274281EF005A366C /* LessonsSwiftUI.app */;
			productType = "com.apple.product-type.application";
		};
/* End PBXNativeTarget section */

/* Begin PBXProject section */
		74D67A97274281EF005A366C /* Project object */ = {
			isa = PBXProject;
			attributes = {
				BuildIndependentTargetsInParallel = 1;
				LastSwiftUpdateCheck = 1300;
				LastUpgradeCheck = 1300;
				TargetAttributes = {
					74D67A9E274281EF005A366C = {
						CreatedOnToolsVersion = 13.0;
					};
				};
			};
			buildConfigurationList = 74D67A9A274281EF005A366C /* Build configuration list for PBXProject "LessonsSwiftUI" */;
			compatibilityVersion = "Xcode 13.0";
			developmentRegion = en;
			hasScannedForEncodings = 0;
			knownRegions = (
				en,
				Base,
			);
			mainGroup = 74D67A96274281EF005A366C;
			productRefGroup = 74D67AA0274281EF005A366C /* Products */;
			projectDirPath = "";
			projectRoot = "";
			targets = (
				74D67A9E274281EF005A366C /* LessonsSwiftUI */,
			);
		};
/* End PBXProject section */

/* Begin PBXResourcesBuildPhase section */
		74D67A9D274281EF005A366C /* Resources */ = {
			isa = PBXResourcesBuildPhase;
			buildActionMask = 2147483647;
			files = (
				74D67AAA27428200005A366C /* Preview Assets.xcassets in Resources */,
				74D67AA727428200005A366C /* Assets.xcassets in Resources */,
			);
			runOnlyForDeploymentPostprocessing = 0;
		};
/* End PBXResourcesBuildPhase section */

/* Begin PBXSourcesBuildPhase section */
		74D67A9B274281EF005A366C /* Sources */ = {
			isa = PBXSourcesBuildPhase;
			buildActionMask = 2147483647;
			files = (
				74D61B162743F98700E341A4 /* TipsApp.swift in Sources */,
				74D67AA5274281EF005A366C /* ContentView.swift in Sources */,
				74EA9142274923A900A8A0B8 /* AddView.swift in Sources */,
				74BA9E04277C7E5300780F75 /* Lesson22-Animation.swift in Sources */,
				74D67AA3274281EF005A366C /* LessonsSwiftUIApp.swift in Sources */,
				74EA91382749106C00A8A0B8 /* Lesson19.swift in Sources */,
				74EA913527490C9800A8A0B8 /* UserSettings.swift in Sources */,
				74BA9E01277C436F00780F75 /* Lesson21-Visual.swift in Sources */,
				74EA914027491FFF00A8A0B8 /* PracticeContentView.swift in Sources */,
				74EA913B27491ADD00A8A0B8 /* Lesson20View.swift in Sources */,
				74C6C67A2747844100C2376B /* Lesson18View.swift in Sources */,
				74BA9E07277CA5CC00780F75 /* Lesson23-CustomTabBar.swift in Sources */,
			);
			runOnlyForDeploymentPostprocessing = 0;
		};
/* End PBXSourcesBuildPhase section */

/* Begin XCBuildConfiguration section */
		74D67AAB27428200005A366C /* Debug */ = {
			isa = XCBuildConfiguration;
			buildSettings = {
				ALWAYS_SEARCH_USER_PATHS = NO;
				CLANG_ANALYZER_NONNULL = YES;
				CLANG_ANALYZER_NUMBER_OBJECT_CONVERSION = YES_AGGRESSIVE;
				CLANG_CXX_LANGUAGE_STANDARD = "gnu++17";
				CLANG_CXX_LIBRARY = "libc++";
				CLANG_ENABLE_MODULES = YES;
				CLANG_ENABLE_OBJC_ARC = YES;
				CLANG_ENABLE_OBJC_WEAK = YES;
				CLANG_WARN_BLOCK_CAPTURE_AUTORELEASING = YES;
				CLANG_WARN_BOOL_CONVERSION = YES;
				CLANG_WARN_COMMA = YES;
				CLANG_WARN_CONSTANT_CONVERSION = YES;
				CLANG_WARN_DEPRECATED_OBJC_IMPLEMENTATIONS = YES;
				CLANG_WARN_DIRECT_OBJC_ISA_USAGE = YES_ERROR;
				CLANG_WARN_DOCUMENTATION_COMMENTS = YES;
				CLANG_WARN_EMPTY_BODY = YES;
				CLANG_WARN_ENUM_CONVERSION = YES;
				CLANG_WARN_INFINITE_RECURSION = YES;
				CLANG_WARN_INT_CONVERSION = YES;
				CLANG_WARN_NON_LITERAL_NULL_CONVERSION = YES;
				CLANG_WARN_OBJC_IMPLICIT_RETAIN_SELF = YES;
				CLANG_WARN_OBJC_LITERAL_CONVERSION = YES;
				CLANG_WARN_OBJC_ROOT_CLASS = YES_ERROR;
				CLANG_WARN_QUOTED_INCLUDE_IN_FRAMEWORK_HEADER = YES;
				CLANG_WARN_RANGE_LOOP_ANALYSIS = YES;
				CLANG_WARN_STRICT_PROTOTYPES = YES;
				CLANG_WARN_SUSPICIOUS_MOVE = YES;
				CLANG_WARN_UNGUARDED_AVAILABILITY = YES_AGGRESSIVE;
				CLANG_WARN_UNREACHABLE_CODE = YES;
				CLANG_WARN__DUPLICATE_METHOD_MATCH = YES;
				COPY_PHASE_STRIP = NO;
				DEBUG_INFORMATION_FORMAT = dwarf;
				ENABLE_STRICT_OBJC_MSGSEND = YES;
				ENABLE_TESTABILITY = YES;
				GCC_C_LANGUAGE_STANDARD = gnu11;
				GCC_DYNAMIC_NO_PIC = NO;
				GCC_NO_COMMON_BLOCKS = YES;
				GCC_OPTIMIZATION_LEVEL = 0;
				GCC_PREPROCESSOR_DEFINITIONS = (
					"DEBUG=1",
					"$(inherited)",
				);
				GCC_WARN_64_TO_32_BIT_CONVERSION = YES;
				GCC_WARN_ABOUT_RETURN_TYPE = YES_ERROR;
				GCC_WARN_UNDECLARED_SELECTOR = YES;
				GCC_WARN_UNINITIALIZED_AUTOS = YES_AGGRESSIVE;
				GCC_WARN_UNUSED_FUNCTION = YES;
				GCC_WARN_UNUSED_VARIABLE = YES;
				IPHONEOS_DEPLOYMENT_TARGET = 15.0;
				MTL_ENABLE_DEBUG_INFO = INCLUDE_SOURCE;
				MTL_FAST_MATH = YES;
				ONLY_ACTIVE_ARCH = YES;
				SDKROOT = iphoneos;
				SWIFT_ACTIVE_COMPILATION_CONDITIONS = DEBUG;
				SWIFT_OPTIMIZATION_LEVEL = "-Onone";
			};
			name = Debug;
		};
		74D67AAC27428200005A366C /* Release */ = {
			isa = XCBuildConfiguration;
			buildSettings = {
				ALWAYS_SEARCH_USER_PATHS = NO;
				CLANG_ANALYZER_NONNULL = YES;
				CLANG_ANALYZER_NUMBER_OBJECT_CONVERSION = YES_AGGRESSIVE;
				CLANG_CXX_LANGUAGE_STANDARD = "gnu++17";
				CLANG_CXX_LIBRARY = "libc++";
				CLANG_ENABLE_MODULES = YES;
				CLANG_ENABLE_OBJC_ARC = YES;
				CLANG_ENABLE_OBJC_WEAK = YES;
				CLANG_WARN_BLOCK_CAPTURE_AUTORELEASING = YES;
				CLANG_WARN_BOOL_CONVERSION = YES;
				CLANG_WARN_COMMA = YES;
				CLANG_WARN_CONSTANT_CONVERSION = YES;
				CLANG_WARN_DEPRECATED_OBJC_IMPLEMENTATIONS = YES;
				CLANG_WARN_DIRECT_OBJC_ISA_USAGE = YES_ERROR;
				CLANG_WARN_DOCUMENTATION_COMMENTS = YES;
				CLANG_WARN_EMPTY_BODY = YES;
				CLANG_WARN_ENUM_CONVERSION = YES;
				CLANG_WARN_INFINITE_RECURSION = YES;
				CLANG_WARN_INT_CONVERSION = YES;
				CLANG_WARN_NON_LITERAL_NULL_CONVERSION = YES;
				CLANG_WARN_OBJC_IMPLICIT_RETAIN_SELF = YES;
				CLANG_WARN_OBJC_LITERAL_CONVERSION = YES;
				CLANG_WARN_OBJC_ROOT_CLASS = YES_ERROR;
				CLANG_WARN_QUOTED_INCLUDE_IN_FRAMEWORK_HEADER = YES;
				CLANG_WARN_RANGE_LOOP_ANALYSIS = YES;
				CLANG_WARN_STRICT_PROTOTYPES = YES;
				CLANG_WARN_SUSPICIOUS_MOVE = YES;
				CLANG_WARN_UNGUARDED_AVAILABILITY = YES_AGGRESSIVE;
				CLANG_WARN_UNREACHABLE_CODE = YES;
				CLANG_WARN__DUPLICATE_METHOD_MATCH = YES;
				COPY_PHASE_STRIP = NO;
				DEBUG_INFORMATION_FORMAT = "dwarf-with-dsym";
				ENABLE_NS_ASSERTIONS = NO;
				ENABLE_STRICT_OBJC_MSGSEND = YES;
				GCC_C_LANGUAGE_STANDARD = gnu11;
				GCC_NO_COMMON_BLOCKS = YES;
				GCC_WARN_64_TO_32_BIT_CONVERSION = YES;
				GCC_WARN_ABOUT_RETURN_TYPE = YES_ERROR;
				GCC_WARN_UNDECLARED_SELECTOR = YES;
				GCC_WARN_UNINITIALIZED_AUTOS = YES_AGGRESSIVE;
				GCC_WARN_UNUSED_FUNCTION = YES;
				GCC_WARN_UNUSED_VARIABLE = YES;
				IPHONEOS_DEPLOYMENT_TARGET = 15.0;
				MTL_ENABLE_DEBUG_INFO = NO;
				MTL_FAST_MATH = YES;
				SDKROOT = iphoneos;
				SWIFT_COMPILATION_MODE = wholemodule;
				SWIFT_OPTIMIZATION_LEVEL = "-O";
				VALIDATE_PRODUCT = YES;
			};
			name = Release;
		};
		74D67AAE27428200005A366C /* Debug */ = {
			isa = XCBuildConfiguration;
			buildSettings = {
				ASSETCATALOG_COMPILER_APPICON_NAME = AppIcon;
				ASSETCATALOG_COMPILER_GLOBAL_ACCENT_COLOR_NAME = AccentColor;
				CODE_SIGN_STYLE = Automatic;
				CURRENT_PROJECT_VERSION = 1;
				DEVELOPMENT_ASSET_PATHS = "\"LessonsSwiftUI/Preview Content\"";
				ENABLE_PREVIEWS = YES;
				GENERATE_INFOPLIST_FILE = YES;
				INFOPLIST_KEY_UIApplicationSceneManifest_Generation = YES;
				INFOPLIST_KEY_UIApplicationSupportsIndirectInputEvents = YES;
				INFOPLIST_KEY_UILaunchScreen_Generation = YES;
				INFOPLIST_KEY_UISupportedInterfaceOrientations_iPad = "UIInterfaceOrientationPortrait UIInterfaceOrientationPortraitUpsideDown UIInterfaceOrientationLandscapeLeft UIInterfaceOrientationLandscapeRight";
				INFOPLIST_KEY_UISupportedInterfaceOrientations_iPhone = "UIInterfaceOrientationPortrait UIInterfaceOrientationLandscapeLeft UIInterfaceOrientationLandscapeRight";
				IPHONEOS_DEPLOYMENT_TARGET = 14.0;
				LD_RUNPATH_SEARCH_PATHS = (
					"$(inherited)",
					"@executable_path/Frameworks",
				);
				MARKETING_VERSION = 1.0;
				PRODUCT_BUNDLE_IDENTIFIER = LessonsSwiftUI.LessonsSwiftUI;
				PRODUCT_NAME = "$(TARGET_NAME)";
				SWIFT_EMIT_LOC_STRINGS = YES;
				SWIFT_VERSION = 5.0;
				TARGETED_DEVICE_FAMILY = "1,2";
			};
			name = Debug;
		};
		74D67AAF27428200005A366C /* Release */ = {
			isa = XCBuildConfiguration;
			buildSettings = {
				ASSETCATALOG_COMPILER_APPICON_NAME = AppIcon;
				ASSETCATALOG_COMPILER_GLOBAL_ACCENT_COLOR_NAME = AccentColor;
				CODE_SIGN_STYLE = Automatic;
				CURRENT_PROJECT_VERSION = 1;
				DEVELOPMENT_ASSET_PATHS = "\"LessonsSwiftUI/Preview Content\"";
				ENABLE_PREVIEWS = YES;
				GENERATE_INFOPLIST_FILE = YES;
				INFOPLIST_KEY_UIApplicationSceneManifest_Generation = YES;
				INFOPLIST_KEY_UIApplicationSupportsIndirectInputEvents = YES;
				INFOPLIST_KEY_UILaunchScreen_Generation = YES;
				INFOPLIST_KEY_UISupportedInterfaceOrientations_iPad = "UIInterfaceOrientationPortrait UIInterfaceOrientationPortraitUpsideDown UIInterfaceOrientationLandscapeLeft UIInterfaceOrientationLandscapeRight";
				INFOPLIST_KEY_UISupportedInterfaceOrientations_iPhone = "UIInterfaceOrientationPortrait UIInterfaceOrientationLandscapeLeft UIInterfaceOrientationLandscapeRight";
				IPHONEOS_DEPLOYMENT_TARGET = 14.0;
				LD_RUNPATH_SEARCH_PATHS = (
					"$(inherited)",
					"@executable_path/Frameworks",
				);
				MARKETING_VERSION = 1.0;
				PRODUCT_BUNDLE_IDENTIFIER = LessonsSwiftUI.LessonsSwiftUI;
				PRODUCT_NAME = "$(TARGET_NAME)";
				SWIFT_EMIT_LOC_STRINGS = YES;
				SWIFT_VERSION = 5.0;
				TARGETED_DEVICE_FAMILY = "1,2";
			};
			name = Release;
		};
/* End XCBuildConfiguration section */

/* Begin XCConfigurationList section */
		74D67A9A274281EF005A366C /* Build configuration list for PBXProject "LessonsSwiftUI" */ = {
			isa = XCConfigurationList;
			buildConfigurations = (
				74D67AAB27428200005A366C /* Debug */,
				74D67AAC27428200005A366C /* Release */,
			);
			defaultConfigurationIsVisible = 0;
			defaultConfigurationName = Release;
		};
		74D67AAD27428200005A366C /* Build configuration list for PBXNativeTarget "LessonsSwiftUI" */ = {
			isa = XCConfigurationList;
			buildConfigurations = (
				74D67AAE27428200005A366C /* Debug */,
				74D67AAF27428200005A366C /* Release */,
			);
			defaultConfigurationIsVisible = 0;
			defaultConfigurationName = Release;
		};
/* End XCConfigurationList section */
	};
	rootObject = 74D67A97274281EF005A366C /* Project object */;
}
